
Microsoft Visual Studio Solution File, Format Version 12.00
# Visual Studio Version 17
VisualStudioVersion = 17.2.32630.192
MinimumVisualStudioVersion = 10.0.40219.1
Project("{FAE04EC0-301F-11D3-BF4B-00C04F79EFBC}") = "Adarsh.EmployeeCRM.Web", "Adarsh.EmployeeCRM.Web.csproj", "{B37461D7-B97B-4480-9B8C-5D1D68093125}"
EndProject
Global
	GlobalSection(SolutionConfigurationPlatforms) = preSolution
		Debug|Any CPU = Debug|Any CPU
		Release|Any CPU = Release|Any CPU
	EndGlobalSection
	GlobalSection(ProjectConfigurationPlatforms) = postSolution
		{B37461D7-B97B-4480-9B8C-5D1D68093125}.Debug|Any CPU.ActiveCfg = Debug|Any CPU
		{B37461D7-B97B-4480-9B8C-5D1D68093125}.Debug|Any CPU.Build.0 = Debug|Any CPU
		{B37461D7-B97B-4480-9B8C-5D1D68093125}.Release|Any CPU.ActiveCfg = Release|Any CPU
		{B37461D7-B97B-4480-9B8C-5D1D68093125}.Release|Any CPU.Build.0 = Release|Any CPU
	EndGlobalSection
	GlobalSection(SolutionProperties) = preSolution
		HideSolutionNode = FALSE
	EndGlobalSection
	GlobalSection(ExtensibilityGlobals) = postSolution
		SolutionGuid = {1B03042A-E751-467B-9A4D-42E8C4EDE5B7}
	EndGlobalSection
EndGlobal
